# THIS IS AN AUTOGENERATED FILE. DO NOT EDIT THIS FILE DIRECTLY.
# yarn lockfile v1


"@esbuild/linux-x64@0.17.16":
  "integrity" "sha512-mfiiBkxEbUHvi+v0P+TS7UnA9TeGXR48aK4XHkTj0ZwOijxexgMF01UDFaBX7Q6CQsB0d+MFNv9IiXbIHTNd4g=="
  "resolved" "https://registry.npmjs.org/@esbuild/linux-x64/-/linux-x64-0.17.16.tgz"
  "version" "0.17.16"

"@heroicons/react@^2.0":
  "integrity" "sha512-90GMZktkA53YbNzHp6asVEDevUQCMtxWH+2UK2S8OpnLEu7qckTJPhNxNQG52xIR1WFTwFqtH6bt7a60ZNcLLA=="
  "resolved" "https://registry.npmjs.org/@heroicons/react/-/react-2.0.17.tgz"
  "version" "2.0.17"

"@rescript/react@^0.11.0":
  "integrity" "sha512-RzoAO+3cJwXE2D7yodMo4tBO2EkeDYCN/I/Sj/yRweI3S1CY1ZBOF/GMcVtjeIurJJt7KMveqQXTaRrqoGZBBg=="
  "resolved" "https://registry.npmjs.org/@rescript/react/-/react-0.11.0.tgz"
  "version" "0.11.0"

"esbuild@^0.17.16":
  "integrity" "sha512-aeSuUKr9aFVY9Dc8ETVELGgkj4urg5isYx8pLf4wlGgB0vTFjxJQdHnNH6Shmx4vYYrOTLCHtRI5i1XZ9l2Zcg=="
  "resolved" "https://registry.npmjs.org/esbuild/-/esbuild-0.17.16.tgz"
  "version" "0.17.16"
  optionalDependencies:
    "@esbuild/android-arm" "0.17.16"
    "@esbuild/android-arm64" "0.17.16"
    "@esbuild/android-x64" "0.17.16"
    "@esbuild/darwin-arm64" "0.17.16"
    "@esbuild/darwin-x64" "0.17.16"
    "@esbuild/freebsd-arm64" "0.17.16"
    "@esbuild/freebsd-x64" "0.17.16"
    "@esbuild/linux-arm" "0.17.16"
    "@esbuild/linux-arm64" "0.17.16"
    "@esbuild/linux-ia32" "0.17.16"
    "@esbuild/linux-loong64" "0.17.16"
    "@esbuild/linux-mips64el" "0.17.16"
    "@esbuild/linux-ppc64" "0.17.16"
    "@esbuild/linux-riscv64" "0.17.16"
    "@esbuild/linux-s390x" "0.17.16"
    "@esbuild/linux-x64" "0.17.16"
    "@esbuild/netbsd-x64" "0.17.16"
    "@esbuild/openbsd-x64" "0.17.16"
    "@esbuild/sunos-x64" "0.17.16"
    "@esbuild/win32-arm64" "0.17.16"
    "@esbuild/win32-ia32" "0.17.16"
    "@esbuild/win32-x64" "0.17.16"

"fzf@^0.5.1":
  "integrity" "sha512-AJ9BBt/3K/IyCF+pQjdG194kVSS1hU/v/RnZgiCtYZzA0rj2OBVwwjBRUOclo9yJl2ovjtdw3C31/8/rnT0uug=="
  "resolved" "https://registry.npmjs.org/fzf/-/fzf-0.5.1.tgz"
  "version" "0.5.1"

"js-tokens@^3.0.0 || ^4.0.0":
  "integrity" "sha512-RdJUflcE3cUzKiMqQgsCu06FPu9UdIJO0beYbPhHN4k6apgJtifcoCtT9bcxOpYBtpD2kCM6Sbzg4CausW/PKQ=="
  "resolved" "https://registry.npmjs.org/js-tokens/-/js-tokens-4.0.0.tgz"
  "version" "4.0.0"

"loose-envify@^1.1.0":
  "integrity" "sha512-lyuxPGr/Wfhrlem2CL/UcnUc1zcqKAImBDzukY7Y5F/yQiNdko6+fRLevlw1HgMySw7f611UIY408EtxRSoK3Q=="
  "resolved" "https://registry.npmjs.org/loose-envify/-/loose-envify-1.4.0.tgz"
  "version" "1.4.0"
  dependencies:
    "js-tokens" "^3.0.0 || ^4.0.0"

"react-dom@^18.2.0", "react-dom@>=18.0.0":
  "integrity" "sha512-6IMTriUmvsjHUjNtEDudZfuDQUoWXVxKHhlEGSk81n4YFS+r/Kl99wXiwlVXtPBtJenozv2P+hxDsw9eA7Xo6g=="
  "resolved" "https://registry.npmjs.org/react-dom/-/react-dom-18.2.0.tgz"
  "version" "18.2.0"
  dependencies:
    "loose-envify" "^1.1.0"
    "scheduler" "^0.23.0"

"react@^18.0", "react@^18.2.0", "react@>= 16", "react@>=18.0.0":
  "integrity" "sha512-/3IjMdb2L9QbBdWiW5e3P2/npwMBaU9mHCSCUzNln0ZCYbcfTsGbTJrU/kGemdH2IWmB2ioZ+zkxtmq6g09fGQ=="
  "resolved" "https://registry.npmjs.org/react/-/react-18.2.0.tgz"
  "version" "18.2.0"
  dependencies:
    "loose-envify" "^1.1.0"

"rescript-webapi@^0.7.0":
  "integrity" "sha512-fA1LPXSmQY3HtcIStQ2sHu9Xye1XLxd4JvkGQMupux9Q6Tp/jbcdh7bnCaGwHW6aI1QFmTmA/xWxUMb6oPphsQ=="
  "resolved" "https://registry.npmjs.org/rescript-webapi/-/rescript-webapi-0.7.0.tgz"
  "version" "0.7.0"

"rescript@^10.1.4":
  "integrity" "sha512-FFKlS9AG/XrLepWsyw7B+A9DtQBPWEPDPDKghV831Y2KGbie+eeFBOS0xtRHp0xbt7S0N2Dm6hhX+kTZQ/3Ybg=="
  "resolved" "https://registry.npmjs.org/rescript/-/rescript-10.1.4.tgz"
  "version" "10.1.4"

"scheduler@^0.23.0":
  "integrity" "sha512-CtuThmgHNg7zIZWAXi3AsyIzA3n4xx7aNyjwC2VJldO2LMVDhFK+63xGqq6CsJH4rTAt6/M+N4GhZiDYPx9eUw=="
  "resolved" "https://registry.npmjs.org/scheduler/-/scheduler-0.23.0.tgz"
  "version" "0.23.0"
  dependencies:
    "loose-envify" "^1.1.0"
